// !$*UTF8*$!
{
	archiveVersion = 1;
	classes = {
	};
	objectVersion = 50;
	objects = {

/* Begin PBXBuildFile section */
		A2AEAC6E251EF19000D9B8A1 /* AppDelegate.swift in Sources */ = {isa = PBXBuildFile; fileRef = A2AEAC6D251EF19000D9B8A1 /* AppDelegate.swift */; };
		A2AEAC70251EF19000D9B8A1 /* SceneDelegate.swift in Sources */ = {isa = PBXBuildFile; fileRef = A2AEAC6F251EF19000D9B8A1 /* SceneDelegate.swift */; };
		A2AEAC72251EF19000D9B8A1 /* ViewController.swift in Sources */ = {isa = PBXBuildFile; fileRef = A2AEAC71251EF19000D9B8A1 /* ViewController.swift */; };
		A2AEAC75251EF19000D9B8A1 /* Main.storyboard in Resources */ = {isa = PBXBuildFile; fileRef = A2AEAC73251EF19000D9B8A1 /* Main.storyboard */; };
		A2AEAC78251EF19000D9B8A1 /* parking.xcdatamodeld in Sources */ = {isa = PBXBuildFile; fileRef = A2AEAC76251EF19000D9B8A1 /* parking.xcdatamodeld */; };
		A2AEAC7A251EF19200D9B8A1 /* Assets.xcassets in Resources */ = {isa = PBXBuildFile; fileRef = A2AEAC79251EF19200D9B8A1 /* Assets.xcassets */; };
		A2AEAC7D251EF19200D9B8A1 /* LaunchScreen.storyboard in Resources */ = {isa = PBXBuildFile; fileRef = A2AEAC7B251EF19200D9B8A1 /* LaunchScreen.storyboard */; };
		A2AEAC88251EF19200D9B8A1 /* parkingTests.swift in Sources */ = {isa = PBXBuildFile; fileRef = A2AEAC87251EF19200D9B8A1 /* parkingTests.swift */; };
		A2AEAC93251EF19200D9B8A1 /* parkingUITests.swift in Sources */ = {isa = PBXBuildFile; fileRef = A2AEAC92251EF19200D9B8A1 /* parkingUITests.swift */; };
		A2AEACA9251EF3EA00D9B8A1 /* Vehicle+CoreDataClass.swift in Sources */ = {isa = PBXBuildFile; fileRef = A2AEACA7251EF3EA00D9B8A1 /* Vehicle+CoreDataClass.swift */; };
		A2AEACAA251EF3EA00D9B8A1 /* Vehicle+CoreDataProperties.swift in Sources */ = {isa = PBXBuildFile; fileRef = A2AEACA8251EF3EA00D9B8A1 /* Vehicle+CoreDataProperties.swift */; };
		A2AEACB3251EF42200D9B8A1 /* DBManager.swift in Sources */ = {isa = PBXBuildFile; fileRef = A2AEACB2251EF42200D9B8A1 /* DBManager.swift */; };
		A2AEACB8251EF4C600D9B8A1 /* DBManager+Vehicle.swift in Sources */ = {isa = PBXBuildFile; fileRef = A2AEACB7251EF4C600D9B8A1 /* DBManager+Vehicle.swift */; };
		A2AEACBD251EF87500D9B8A1 /* CodeDataService.swift in Sources */ = {isa = PBXBuildFile; fileRef = A2AEACBC251EF87500D9B8A1 /* CodeDataService.swift */; };
		A2AEACC9251EFB8700D9B8A1 /* VehicleManagement.storyboard in Resources */ = {isa = PBXBuildFile; fileRef = A2AEACC8251EFB8700D9B8A1 /* VehicleManagement.storyboard */; };
		A2AEACCE251EFBB800D9B8A1 /* VehicleManagementViewController.swift in Sources */ = {isa = PBXBuildFile; fileRef = A2AEACCD251EFBB800D9B8A1 /* VehicleManagementViewController.swift */; };
		A2AEACD6251EFCBA00D9B8A1 /* VehicleManagementViewModel.swift in Sources */ = {isa = PBXBuildFile; fileRef = A2AEACD5251EFCBA00D9B8A1 /* VehicleManagementViewModel.swift */; };
		A2AEACDC251F019C00D9B8A1 /* VehicleClass.swift in Sources */ = {isa = PBXBuildFile; fileRef = A2AEACDB251F019C00D9B8A1 /* VehicleClass.swift */; };
		A2AEACEA251F075900D9B8A1 /* VehicleFormViewController.swift in Sources */ = {isa = PBXBuildFile; fileRef = A2AEACE9251F075900D9B8A1 /* VehicleFormViewController.swift */; };
		A2AEACEF251F086400D9B8A1 /* VehicleFormViewModel.swift in Sources */ = {isa = PBXBuildFile; fileRef = A2AEACEE251F086400D9B8A1 /* VehicleFormViewModel.swift */; };
		A2AEACF8251F193900D9B8A1 /* ParkingLot+CoreDataClass.swift in Sources */ = {isa = PBXBuildFile; fileRef = A2AEACF6251F193900D9B8A1 /* ParkingLot+CoreDataClass.swift */; };
		A2AEACF9251F193900D9B8A1 /* ParkingLot+CoreDataProperties.swift in Sources */ = {isa = PBXBuildFile; fileRef = A2AEACF7251F193900D9B8A1 /* ParkingLot+CoreDataProperties.swift */; };
		A2AEACFF251F197700D9B8A1 /* ParkingLotClass.swift in Sources */ = {isa = PBXBuildFile; fileRef = A2AEACFE251F197700D9B8A1 /* ParkingLotClass.swift */; };
		A2AEAD04251F1AE700D9B8A1 /* DBManager+ParkingLot.swift in Sources */ = {isa = PBXBuildFile; fileRef = A2AEAD03251F1AE700D9B8A1 /* DBManager+ParkingLot.swift */; };
		A2AEAD15251F200100D9B8A1 /* ParkingManagement.storyboard in Resources */ = {isa = PBXBuildFile; fileRef = A2AEAD14251F200100D9B8A1 /* ParkingManagement.storyboard */; };
		A2AEAD1A251F260A00D9B8A1 /* ParkingManagementViewController.swift in Sources */ = {isa = PBXBuildFile; fileRef = A2AEAD19251F260A00D9B8A1 /* ParkingManagementViewController.swift */; };
		A2AEAD1F251F26EB00D9B8A1 /* ParkingManagementViewModel.swift in Sources */ = {isa = PBXBuildFile; fileRef = A2AEAD1E251F26EB00D9B8A1 /* ParkingManagementViewModel.swift */; };
		A2AEAD24251F28F400D9B8A1 /* ParkingLotTableViewCell.swift in Sources */ = {isa = PBXBuildFile; fileRef = A2AEAD23251F28F400D9B8A1 /* ParkingLotTableViewCell.swift */; };
/* End PBXBuildFile section */

/* Begin PBXContainerItemProxy section */
		A2AEAC84251EF19200D9B8A1 /* PBXContainerItemProxy */ = {
			isa = PBXContainerItemProxy;
			containerPortal = A2AEAC62251EF19000D9B8A1 /* Project object */;
			proxyType = 1;
			remoteGlobalIDString = A2AEAC69251EF19000D9B8A1;
			remoteInfo = parking;
		};
		A2AEAC8F251EF19200D9B8A1 /* PBXContainerItemProxy */ = {
			isa = PBXContainerItemProxy;
			containerPortal = A2AEAC62251EF19000D9B8A1 /* Project object */;
			proxyType = 1;
			remoteGlobalIDString = A2AEAC69251EF19000D9B8A1;
			remoteInfo = parking;
		};
/* End PBXContainerItemProxy section */

/* Begin PBXFileReference section */
		A2AEAC6A251EF19000D9B8A1 /* parking.app */ = {isa = PBXFileReference; explicitFileType = wrapper.application; includeInIndex = 0; path = parking.app; sourceTree = BUILT_PRODUCTS_DIR; };
		A2AEAC6D251EF19000D9B8A1 /* AppDelegate.swift */ = {isa = PBXFileReference; lastKnownFileType = sourcecode.swift; path = AppDelegate.swift; sourceTree = "<group>"; };
		A2AEAC6F251EF19000D9B8A1 /* SceneDelegate.swift */ = {isa = PBXFileReference; lastKnownFileType = sourcecode.swift; path = SceneDelegate.swift; sourceTree = "<group>"; };
		A2AEAC71251EF19000D9B8A1 /* ViewController.swift */ = {isa = PBXFileReference; lastKnownFileType = sourcecode.swift; path = ViewController.swift; sourceTree = "<group>"; };
		A2AEAC74251EF19000D9B8A1 /* Base */ = {isa = PBXFileReference; lastKnownFileType = file.storyboard; name = Base; path = Base.lproj/Main.storyboard; sourceTree = "<group>"; };
		A2AEAC77251EF19000D9B8A1 /* parking.xcdatamodel */ = {isa = PBXFileReference; lastKnownFileType = wrapper.xcdatamodel; path = parking.xcdatamodel; sourceTree = "<group>"; };
		A2AEAC79251EF19200D9B8A1 /* Assets.xcassets */ = {isa = PBXFileReference; lastKnownFileType = folder.assetcatalog; path = Assets.xcassets; sourceTree = "<group>"; };
		A2AEAC7C251EF19200D9B8A1 /* Base */ = {isa = PBXFileReference; lastKnownFileType = file.storyboard; name = Base; path = Base.lproj/LaunchScreen.storyboard; sourceTree = "<group>"; };
		A2AEAC7E251EF19200D9B8A1 /* Info.plist */ = {isa = PBXFileReference; lastKnownFileType = text.plist.xml; path = Info.plist; sourceTree = "<group>"; };
		A2AEAC83251EF19200D9B8A1 /* parkingTests.xctest */ = {isa = PBXFileReference; explicitFileType = wrapper.cfbundle; includeInIndex = 0; path = parkingTests.xctest; sourceTree = BUILT_PRODUCTS_DIR; };
		A2AEAC87251EF19200D9B8A1 /* parkingTests.swift */ = {isa = PBXFileReference; lastKnownFileType = sourcecode.swift; path = parkingTests.swift; sourceTree = "<group>"; };
		A2AEAC89251EF19200D9B8A1 /* Info.plist */ = {isa = PBXFileReference; lastKnownFileType = text.plist.xml; path = Info.plist; sourceTree = "<group>"; };
		A2AEAC8E251EF19200D9B8A1 /* parkingUITests.xctest */ = {isa = PBXFileReference; explicitFileType = wrapper.cfbundle; includeInIndex = 0; path = parkingUITests.xctest; sourceTree = BUILT_PRODUCTS_DIR; };
		A2AEAC92251EF19200D9B8A1 /* parkingUITests.swift */ = {isa = PBXFileReference; lastKnownFileType = sourcecode.swift; path = parkingUITests.swift; sourceTree = "<group>"; };
		A2AEAC94251EF19200D9B8A1 /* Info.plist */ = {isa = PBXFileReference; lastKnownFileType = text.plist.xml; path = Info.plist; sourceTree = "<group>"; };
		A2AEACA7251EF3EA00D9B8A1 /* Vehicle+CoreDataClass.swift */ = {isa = PBXFileReference; lastKnownFileType = sourcecode.swift; path = "Vehicle+CoreDataClass.swift"; sourceTree = "<group>"; };
		A2AEACA8251EF3EA00D9B8A1 /* Vehicle+CoreDataProperties.swift */ = {isa = PBXFileReference; lastKnownFileType = sourcecode.swift; path = "Vehicle+CoreDataProperties.swift"; sourceTree = "<group>"; };
		A2AEACB2251EF42200D9B8A1 /* DBManager.swift */ = {isa = PBXFileReference; lastKnownFileType = sourcecode.swift; path = DBManager.swift; sourceTree = "<group>"; };
		A2AEACB7251EF4C600D9B8A1 /* DBManager+Vehicle.swift */ = {isa = PBXFileReference; lastKnownFileType = sourcecode.swift; path = "DBManager+Vehicle.swift"; sourceTree = "<group>"; };
		A2AEACBC251EF87500D9B8A1 /* CodeDataService.swift */ = {isa = PBXFileReference; lastKnownFileType = sourcecode.swift; path = CodeDataService.swift; sourceTree = "<group>"; };
		A2AEACC8251EFB8700D9B8A1 /* VehicleManagement.storyboard */ = {isa = PBXFileReference; lastKnownFileType = file.storyboard; path = VehicleManagement.storyboard; sourceTree = "<group>"; };
		A2AEACCD251EFBB800D9B8A1 /* VehicleManagementViewController.swift */ = {isa = PBXFileReference; lastKnownFileType = sourcecode.swift; path = VehicleManagementViewController.swift; sourceTree = "<group>"; };
		A2AEACD5251EFCBA00D9B8A1 /* VehicleManagementViewModel.swift */ = {isa = PBXFileReference; lastKnownFileType = sourcecode.swift; path = VehicleManagementViewModel.swift; sourceTree = "<group>"; };
		A2AEACDB251F019C00D9B8A1 /* VehicleClass.swift */ = {isa = PBXFileReference; lastKnownFileType = sourcecode.swift; path = VehicleClass.swift; sourceTree = "<group>"; };
		A2AEACE9251F075900D9B8A1 /* VehicleFormViewController.swift */ = {isa = PBXFileReference; lastKnownFileType = sourcecode.swift; path = VehicleFormViewController.swift; sourceTree = "<group>"; };
		A2AEACEE251F086400D9B8A1 /* VehicleFormViewModel.swift */ = {isa = PBXFileReference; lastKnownFileType = sourcecode.swift; path = VehicleFormViewModel.swift; sourceTree = "<group>"; };
		A2AEACF6251F193900D9B8A1 /* ParkingLot+CoreDataClass.swift */ = {isa = PBXFileReference; lastKnownFileType = sourcecode.swift; path = "ParkingLot+CoreDataClass.swift"; sourceTree = "<group>"; };
		A2AEACF7251F193900D9B8A1 /* ParkingLot+CoreDataProperties.swift */ = {isa = PBXFileReference; lastKnownFileType = sourcecode.swift; path = "ParkingLot+CoreDataProperties.swift"; sourceTree = "<group>"; };
		A2AEACFE251F197700D9B8A1 /* ParkingLotClass.swift */ = {isa = PBXFileReference; lastKnownFileType = sourcecode.swift; path = ParkingLotClass.swift; sourceTree = "<group>"; };
		A2AEAD03251F1AE700D9B8A1 /* DBManager+ParkingLot.swift */ = {isa = PBXFileReference; lastKnownFileType = sourcecode.swift; path = "DBManager+ParkingLot.swift"; sourceTree = "<group>"; };
		A2AEAD14251F200100D9B8A1 /* ParkingManagement.storyboard */ = {isa = PBXFileReference; lastKnownFileType = file.storyboard; path = ParkingManagement.storyboard; sourceTree = "<group>"; };
		A2AEAD19251F260A00D9B8A1 /* ParkingManagementViewController.swift */ = {isa = PBXFileReference; lastKnownFileType = sourcecode.swift; path = ParkingManagementViewController.swift; sourceTree = "<group>"; };
		A2AEAD1E251F26EB00D9B8A1 /* ParkingManagementViewModel.swift */ = {isa = PBXFileReference; lastKnownFileType = sourcecode.swift; path = ParkingManagementViewModel.swift; sourceTree = "<group>"; };
		A2AEAD23251F28F400D9B8A1 /* ParkingLotTableViewCell.swift */ = {isa = PBXFileReference; lastKnownFileType = sourcecode.swift; path = ParkingLotTableViewCell.swift; sourceTree = "<group>"; };
/* End PBXFileReference section */

/* Begin PBXFrameworksBuildPhase section */
		A2AEAC67251EF19000D9B8A1 /* Frameworks */ = {
			isa = PBXFrameworksBuildPhase;
			buildActionMask = 2147483647;
			files = (
			);
			runOnlyForDeploymentPostprocessing = 0;
		};
		A2AEAC80251EF19200D9B8A1 /* Frameworks */ = {
			isa = PBXFrameworksBuildPhase;
			buildActionMask = 2147483647;
			files = (
			);
			runOnlyForDeploymentPostprocessing = 0;
		};
		A2AEAC8B251EF19200D9B8A1 /* Frameworks */ = {
			isa = PBXFrameworksBuildPhase;
			buildActionMask = 2147483647;
			files = (
			);
			runOnlyForDeploymentPostprocessing = 0;
		};
/* End PBXFrameworksBuildPhase section */

/* Begin PBXGroup section */
		A2AEAC61251EF19000D9B8A1 = {
			isa = PBXGroup;
			children = (
				A2AEAC6C251EF19000D9B8A1 /* parking */,
				A2AEAC86251EF19200D9B8A1 /* parkingTests */,
				A2AEAC91251EF19200D9B8A1 /* parkingUITests */,
				A2AEAC6B251EF19000D9B8A1 /* Products */,
			);
			sourceTree = "<group>";
		};
		A2AEAC6B251EF19000D9B8A1 /* Products */ = {
			isa = PBXGroup;
			children = (
				A2AEAC6A251EF19000D9B8A1 /* parking.app */,
				A2AEAC83251EF19200D9B8A1 /* parkingTests.xctest */,
				A2AEAC8E251EF19200D9B8A1 /* parkingUITests.xctest */,
			);
			name = Products;
			sourceTree = "<group>";
		};
		A2AEAC6C251EF19000D9B8A1 /* parking */ = {
			isa = PBXGroup;
			children = (
				A2AEACA3251EF34400D9B8A1 /* DB */,
				A2AEACDA251F017E00D9B8A1 /* Models */,
				A2AEAC6D251EF19000D9B8A1 /* AppDelegate.swift */,
				A2AEAC6F251EF19000D9B8A1 /* SceneDelegate.swift */,
				A2AEAD13251F1FD200D9B8A1 /* ParkingManagement */,
				A2AEACC7251EFB2F00D9B8A1 /* VehicleManagement */,
				A2AEAC71251EF19000D9B8A1 /* ViewController.swift */,
				A2AEAC73251EF19000D9B8A1 /* Main.storyboard */,
				A2AEAC79251EF19200D9B8A1 /* Assets.xcassets */,
				A2AEAC7B251EF19200D9B8A1 /* LaunchScreen.storyboard */,
				A2AEAC7E251EF19200D9B8A1 /* Info.plist */,
			);
			path = parking;
			sourceTree = "<group>";
		};
		A2AEAC86251EF19200D9B8A1 /* parkingTests */ = {
			isa = PBXGroup;
			children = (
				A2AEAC87251EF19200D9B8A1 /* parkingTests.swift */,
				A2AEAC89251EF19200D9B8A1 /* Info.plist */,
			);
			path = parkingTests;
			sourceTree = "<group>";
		};
		A2AEAC91251EF19200D9B8A1 /* parkingUITests */ = {
			isa = PBXGroup;
			children = (
				A2AEAC92251EF19200D9B8A1 /* parkingUITests.swift */,
				A2AEAC94251EF19200D9B8A1 /* Info.plist */,
			);
			path = parkingUITests;
			sourceTree = "<group>";
		};
		A2AEACA3251EF34400D9B8A1 /* DB */ = {
			isa = PBXGroup;
			children = (
				A2AEACAE251EF3F800D9B8A1 /* CoreData */,
				A2AEACBC251EF87500D9B8A1 /* CodeDataService.swift */,
				A2AEACB2251EF42200D9B8A1 /* DBManager.swift */,
				A2AEACB7251EF4C600D9B8A1 /* DBManager+Vehicle.swift */,
				A2AEAD03251F1AE700D9B8A1 /* DBManager+ParkingLot.swift */,
			);
			path = DB;
			sourceTree = "<group>";
		};
		A2AEACAE251EF3F800D9B8A1 /* CoreData */ = {
			isa = PBXGroup;
			children = (
				A2AEAC76251EF19000D9B8A1 /* parking.xcdatamodeld */,
				A2AEACA7251EF3EA00D9B8A1 /* Vehicle+CoreDataClass.swift */,
				A2AEACA8251EF3EA00D9B8A1 /* Vehicle+CoreDataProperties.swift */,
				A2AEACF6251F193900D9B8A1 /* ParkingLot+CoreDataClass.swift */,
				A2AEACF7251F193900D9B8A1 /* ParkingLot+CoreDataProperties.swift */,
			);
			path = CoreData;
			sourceTree = "<group>";
		};
		A2AEACC7251EFB2F00D9B8A1 /* VehicleManagement */ = {
			isa = PBXGroup;
			children = (
				A2AEACC8251EFB8700D9B8A1 /* VehicleManagement.storyboard */,
				A2AEACCD251EFBB800D9B8A1 /* VehicleManagementViewController.swift */,
				A2AEACD5251EFCBA00D9B8A1 /* VehicleManagementViewModel.swift */,
				A2AEACE9251F075900D9B8A1 /* VehicleFormViewController.swift */,
				A2AEACEE251F086400D9B8A1 /* VehicleFormViewModel.swift */,
			);
			path = VehicleManagement;
			sourceTree = "<group>";
		};
		A2AEACDA251F017E00D9B8A1 /* Models */ = {
			isa = PBXGroup;
			children = (
				A2AEACDB251F019C00D9B8A1 /* VehicleClass.swift */,
				A2AEACFE251F197700D9B8A1 /* ParkingLotClass.swift */,
			);
			path = Models;
			sourceTree = "<group>";
		};
		A2AEAD13251F1FD200D9B8A1 /* ParkingManagement */ = {
			isa = PBXGroup;
			children = (
				A2AEAD14251F200100D9B8A1 /* ParkingManagement.storyboard */,
				A2AEAD23251F28F400D9B8A1 /* ParkingLotTableViewCell.swift */,
				A2AEAD19251F260A00D9B8A1 /* ParkingManagementViewController.swift */,
				A2AEAD1E251F26EB00D9B8A1 /* ParkingManagementViewModel.swift */,
			);
			path = ParkingManagement;
			sourceTree = "<group>";
		};
/* End PBXGroup section */

/* Begin PBXNativeTarget section */
		A2AEAC69251EF19000D9B8A1 /* parking */ = {
			isa = PBXNativeTarget;
			buildConfigurationList = A2AEAC97251EF19200D9B8A1 /* Build configuration list for PBXNativeTarget "parking" */;
			buildPhases = (
				A2AEAC66251EF19000D9B8A1 /* Sources */,
				A2AEAC67251EF19000D9B8A1 /* Frameworks */,
				A2AEAC68251EF19000D9B8A1 /* Resources */,
			);
			buildRules = (
			);
			dependencies = (
			);
			name = parking;
			productName = parking;
			productReference = A2AEAC6A251EF19000D9B8A1 /* parking.app */;
			productType = "com.apple.product-type.application";
		};
		A2AEAC82251EF19200D9B8A1 /* parkingTests */ = {
			isa = PBXNativeTarget;
			buildConfigurationList = A2AEAC9A251EF19200D9B8A1 /* Build configuration list for PBXNativeTarget "parkingTests" */;
			buildPhases = (
				A2AEAC7F251EF19200D9B8A1 /* Sources */,
				A2AEAC80251EF19200D9B8A1 /* Frameworks */,
				A2AEAC81251EF19200D9B8A1 /* Resources */,
			);
			buildRules = (
			);
			dependencies = (
				A2AEAC85251EF19200D9B8A1 /* PBXTargetDependency */,
			);
			name = parkingTests;
			productName = parkingTests;
			productReference = A2AEAC83251EF19200D9B8A1 /* parkingTests.xctest */;
			productType = "com.apple.product-type.bundle.unit-test";
		};
		A2AEAC8D251EF19200D9B8A1 /* parkingUITests */ = {
			isa = PBXNativeTarget;
			buildConfigurationList = A2AEAC9D251EF19200D9B8A1 /* Build configuration list for PBXNativeTarget "parkingUITests" */;
			buildPhases = (
				A2AEAC8A251EF19200D9B8A1 /* Sources */,
				A2AEAC8B251EF19200D9B8A1 /* Frameworks */,
				A2AEAC8C251EF19200D9B8A1 /* Resources */,
			);
			buildRules = (
			);
			dependencies = (
				A2AEAC90251EF19200D9B8A1 /* PBXTargetDependency */,
			);
			name = parkingUITests;
			productName = parkingUITests;
			productReference = A2AEAC8E251EF19200D9B8A1 /* parkingUITests.xctest */;
			productType = "com.apple.product-type.bundle.ui-testing";
		};
/* End PBXNativeTarget section */

/* Begin PBXProject section */
		A2AEAC62251EF19000D9B8A1 /* Project object */ = {
			isa = PBXProject;
			attributes = {
				LastSwiftUpdateCheck = 1200;
				LastUpgradeCheck = 1200;
				TargetAttributes = {
					A2AEAC69251EF19000D9B8A1 = {
						CreatedOnToolsVersion = 12.0.1;
					};
					A2AEAC82251EF19200D9B8A1 = {
						CreatedOnToolsVersion = 12.0.1;
						TestTargetID = A2AEAC69251EF19000D9B8A1;
					};
					A2AEAC8D251EF19200D9B8A1 = {
						CreatedOnToolsVersion = 12.0.1;
						TestTargetID = A2AEAC69251EF19000D9B8A1;
					};
				};
			};
			buildConfigurationList = A2AEAC65251EF19000D9B8A1 /* Build configuration list for PBXProject "parking" */;
			compatibilityVersion = "Xcode 9.3";
			developmentRegion = en;
			hasScannedForEncodings = 0;
			knownRegions = (
				en,
				Base,
			);
			mainGroup = A2AEAC61251EF19000D9B8A1;
			productRefGroup = A2AEAC6B251EF19000D9B8A1 /* Products */;
			projectDirPath = "";
			projectRoot = "";
			targets = (
				A2AEAC69251EF19000D9B8A1 /* parking */,
				A2AEAC82251EF19200D9B8A1 /* parkingTests */,
				A2AEAC8D251EF19200D9B8A1 /* parkingUITests */,
			);
		};
/* End PBXProject section */

/* Begin PBXResourcesBuildPhase section */
		A2AEAC68251EF19000D9B8A1 /* Resources */ = {
			isa = PBXResourcesBuildPhase;
			buildActionMask = 2147483647;
			files = (
				A2AEACC9251EFB8700D9B8A1 /* VehicleManagement.storyboard in Resources */,
				A2AEAC7D251EF19200D9B8A1 /* LaunchScreen.storyboard in Resources */,
				A2AEAC7A251EF19200D9B8A1 /* Assets.xcassets in Resources */,
				A2AEAC75251EF19000D9B8A1 /* Main.storyboard in Resources */,
				A2AEAD15251F200100D9B8A1 /* ParkingManagement.storyboard in Resources */,
			);
			runOnlyForDeploymentPostprocessing = 0;
		};
		A2AEAC81251EF19200D9B8A1 /* Resources */ = {
			isa = PBXResourcesBuildPhase;
			buildActionMask = 2147483647;
			files = (
			);
			runOnlyForDeploymentPostprocessing = 0;
		};
		A2AEAC8C251EF19200D9B8A1 /* Resources */ = {
			isa = PBXResourcesBuildPhase;
			buildActionMask = 2147483647;
			files = (
			);
			runOnlyForDeploymentPostprocessing = 0;
		};
/* End PBXResourcesBuildPhase section */

/* Begin PBXSourcesBuildPhase section */
		A2AEAC66251EF19000D9B8A1 /* Sources */ = {
			isa = PBXSourcesBuildPhase;
			buildActionMask = 2147483647;
			files = (
				A2AEAC78251EF19000D9B8A1 /* parking.xcdatamodeld in Sources */,
				A2AEACD6251EFCBA00D9B8A1 /* VehicleManagementViewModel.swift in Sources */,
				A2AEACA9251EF3EA00D9B8A1 /* Vehicle+CoreDataClass.swift in Sources */,
				A2AEACEA251F075900D9B8A1 /* VehicleFormViewController.swift in Sources */,
				A2AEACF9251F193900D9B8A1 /* ParkingLot+CoreDataProperties.swift in Sources */,
				A2AEACDC251F019C00D9B8A1 /* VehicleClass.swift in Sources */,
				A2AEACCE251EFBB800D9B8A1 /* VehicleManagementViewController.swift in Sources */,
				A2AEACFF251F197700D9B8A1 /* ParkingLotClass.swift in Sources */,
				A2AEAD1A251F260A00D9B8A1 /* ParkingManagementViewController.swift in Sources */,
				A2AEAD04251F1AE700D9B8A1 /* DBManager+ParkingLot.swift in Sources */,
				A2AEACAA251EF3EA00D9B8A1 /* Vehicle+CoreDataProperties.swift in Sources */,
				A2AEACF8251F193900D9B8A1 /* ParkingLot+CoreDataClass.swift in Sources */,
				A2AEACBD251EF87500D9B8A1 /* CodeDataService.swift in Sources */,
				A2AEAC72251EF19000D9B8A1 /* ViewController.swift in Sources */,
				A2AEAC6E251EF19000D9B8A1 /* AppDelegate.swift in Sources */,
				A2AEAD24251F28F400D9B8A1 /* ParkingLotTableViewCell.swift in Sources */,
				A2AEACB8251EF4C600D9B8A1 /* DBManager+Vehicle.swift in Sources */,
				A2AEAD1F251F26EB00D9B8A1 /* ParkingManagementViewModel.swift in Sources */,
				A2AEACEF251F086400D9B8A1 /* VehicleFormViewModel.swift in Sources */,
				A2AEAC70251EF19000D9B8A1 /* SceneDelegate.swift in Sources */,
				A2AEACB3251EF42200D9B8A1 /* DBManager.swift in Sources */,
			);
			runOnlyForDeploymentPostprocessing = 0;
		};
		A2AEAC7F251EF19200D9B8A1 /* Sources */ = {
			isa = PBXSourcesBuildPhase;
			buildActionMask = 2147483647;
			files = (
				A2AEAC88251EF19200D9B8A1 /* parkingTests.swift in Sources */,
			);
			runOnlyForDeploymentPostprocessing = 0;
		};
		A2AEAC8A251EF19200D9B8A1 /* Sources */ = {
			isa = PBXSourcesBuildPhase;
			buildActionMask = 2147483647;
			files = (
				A2AEAC93251EF19200D9B8A1 /* parkingUITests.swift in Sources */,
			);
			runOnlyForDeploymentPostprocessing = 0;
		};
/* End PBXSourcesBuildPhase section */

/* Begin PBXTargetDependency section */
		A2AEAC85251EF19200D9B8A1 /* PBXTargetDependency */ = {
			isa = PBXTargetDependency;
			target = A2AEAC69251EF19000D9B8A1 /* parking */;
			targetProxy = A2AEAC84251EF19200D9B8A1 /* PBXContainerItemProxy */;
		};
		A2AEAC90251EF19200D9B8A1 /* PBXTargetDependency */ = {
			isa = PBXTargetDependency;
			target = A2AEAC69251EF19000D9B8A1 /* parking */;
			targetProxy = A2AEAC8F251EF19200D9B8A1 /* PBXContainerItemProxy */;
		};
/* End PBXTargetDependency section */

/* Begin PBXVariantGroup section */
		A2AEAC73251EF19000D9B8A1 /* Main.storyboard */ = {
			isa = PBXVariantGroup;
			children = (
				A2AEAC74251EF19000D9B8A1 /* Base */,
			);
			name = Main.storyboard;
			sourceTree = "<group>";
		};
		A2AEAC7B251EF19200D9B8A1 /* LaunchScreen.storyboard */ = {
			isa = PBXVariantGroup;
			children = (
				A2AEAC7C251EF19200D9B8A1 /* Base */,
			);
			name = LaunchScreen.storyboard;
			sourceTree = "<group>";
		};
/* End PBXVariantGroup section */

/* Begin XCBuildConfiguration section */
		A2AEAC95251EF19200D9B8A1 /* Debug */ = {
			isa = XCBuildConfiguration;
			buildSettings = {
				ALWAYS_SEARCH_USER_PATHS = NO;
				CLANG_ANALYZER_NONNULL = YES;
				CLANG_ANALYZER_NUMBER_OBJECT_CONVERSION = YES_AGGRESSIVE;
				CLANG_CXX_LANGUAGE_STANDARD = "gnu++14";
				CLANG_CXX_LIBRARY = "libc++";
				CLANG_ENABLE_MODULES = YES;
				CLANG_ENABLE_OBJC_ARC = YES;
				CLANG_ENABLE_OBJC_WEAK = YES;
				CLANG_WARN_BLOCK_CAPTURE_AUTORELEASING = YES;
				CLANG_WARN_BOOL_CONVERSION = YES;
				CLANG_WARN_COMMA = YES;
				CLANG_WARN_CONSTANT_CONVERSION = YES;
				CLANG_WARN_DEPRECATED_OBJC_IMPLEMENTATIONS = YES;
				CLANG_WARN_DIRECT_OBJC_ISA_USAGE = YES_ERROR;
				CLANG_WARN_DOCUMENTATION_COMMENTS = YES;
				CLANG_WARN_EMPTY_BODY = YES;
				CLANG_WARN_ENUM_CONVERSION = YES;
				CLANG_WARN_INFINITE_RECURSION = YES;
				CLANG_WARN_INT_CONVERSION = YES;
				CLANG_WARN_NON_LITERAL_NULL_CONVERSION = YES;
				CLANG_WARN_OBJC_IMPLICIT_RETAIN_SELF = YES;
				CLANG_WARN_OBJC_LITERAL_CONVERSION = YES;
				CLANG_WARN_OBJC_ROOT_CLASS = YES_ERROR;
				CLANG_WARN_QUOTED_INCLUDE_IN_FRAMEWORK_HEADER = YES;
				CLANG_WARN_RANGE_LOOP_ANALYSIS = YES;
				CLANG_WARN_STRICT_PROTOTYPES = YES;
				CLANG_WARN_SUSPICIOUS_MOVE = YES;
				CLANG_WARN_UNGUARDED_AVAILABILITY = YES_AGGRESSIVE;
				CLANG_WARN_UNREACHABLE_CODE = YES;
				CLANG_WARN__DUPLICATE_METHOD_MATCH = YES;
				COPY_PHASE_STRIP = NO;
				DEBUG_INFORMATION_FORMAT = dwarf;
				ENABLE_STRICT_OBJC_MSGSEND = YES;
				ENABLE_TESTABILITY = YES;
				GCC_C_LANGUAGE_STANDARD = gnu11;
				GCC_DYNAMIC_NO_PIC = NO;
				GCC_NO_COMMON_BLOCKS = YES;
				GCC_OPTIMIZATION_LEVEL = 0;
				GCC_PREPROCESSOR_DEFINITIONS = (
					"DEBUG=1",
					"$(inherited)",
				);
				GCC_WARN_64_TO_32_BIT_CONVERSION = YES;
				GCC_WARN_ABOUT_RETURN_TYPE = YES_ERROR;
				GCC_WARN_UNDECLARED_SELECTOR = YES;
				GCC_WARN_UNINITIALIZED_AUTOS = YES_AGGRESSIVE;
				GCC_WARN_UNUSED_FUNCTION = YES;
				GCC_WARN_UNUSED_VARIABLE = YES;
				IPHONEOS_DEPLOYMENT_TARGET = 14.0;
				MTL_ENABLE_DEBUG_INFO = INCLUDE_SOURCE;
				MTL_FAST_MATH = YES;
				ONLY_ACTIVE_ARCH = YES;
				SDKROOT = iphoneos;
				SWIFT_ACTIVE_COMPILATION_CONDITIONS = DEBUG;
				SWIFT_OPTIMIZATION_LEVEL = "-Onone";
			};
			name = Debug;
		};
		A2AEAC96251EF19200D9B8A1 /* Release */ = {
			isa = XCBuildConfiguration;
			buildSettings = {
				ALWAYS_SEARCH_USER_PATHS = NO;
				CLANG_ANALYZER_NONNULL = YES;
				CLANG_ANALYZER_NUMBER_OBJECT_CONVERSION = YES_AGGRESSIVE;
				CLANG_CXX_LANGUAGE_STANDARD = "gnu++14";
				CLANG_CXX_LIBRARY = "libc++";
				CLANG_ENABLE_MODULES = YES;
				CLANG_ENABLE_OBJC_ARC = YES;
				CLANG_ENABLE_OBJC_WEAK = YES;
				CLANG_WARN_BLOCK_CAPTURE_AUTORELEASING = YES;
				CLANG_WARN_BOOL_CONVERSION = YES;
				CLANG_WARN_COMMA = YES;
				CLANG_WARN_CONSTANT_CONVERSION = YES;
				CLANG_WARN_DEPRECATED_OBJC_IMPLEMENTATIONS = YES;
				CLANG_WARN_DIRECT_OBJC_ISA_USAGE = YES_ERROR;
				CLANG_WARN_DOCUMENTATION_COMMENTS = YES;
				CLANG_WARN_EMPTY_BODY = YES;
				CLANG_WARN_ENUM_CONVERSION = YES;
				CLANG_WARN_INFINITE_RECURSION = YES;
				CLANG_WARN_INT_CONVERSION = YES;
				CLANG_WARN_NON_LITERAL_NULL_CONVERSION = YES;
				CLANG_WARN_OBJC_IMPLICIT_RETAIN_SELF = YES;
				CLANG_WARN_OBJC_LITERAL_CONVERSION = YES;
				CLANG_WARN_OBJC_ROOT_CLASS = YES_ERROR;
				CLANG_WARN_QUOTED_INCLUDE_IN_FRAMEWORK_HEADER = YES;
				CLANG_WARN_RANGE_LOOP_ANALYSIS = YES;
				CLANG_WARN_STRICT_PROTOTYPES = YES;
				CLANG_WARN_SUSPICIOUS_MOVE = YES;
				CLANG_WARN_UNGUARDED_AVAILABILITY = YES_AGGRESSIVE;
				CLANG_WARN_UNREACHABLE_CODE = YES;
				CLANG_WARN__DUPLICATE_METHOD_MATCH = YES;
				COPY_PHASE_STRIP = NO;
				DEBUG_INFORMATION_FORMAT = "dwarf-with-dsym";
				ENABLE_NS_ASSERTIONS = NO;
				ENABLE_STRICT_OBJC_MSGSEND = YES;
				GCC_C_LANGUAGE_STANDARD = gnu11;
				GCC_NO_COMMON_BLOCKS = YES;
				GCC_WARN_64_TO_32_BIT_CONVERSION = YES;
				GCC_WARN_ABOUT_RETURN_TYPE = YES_ERROR;
				GCC_WARN_UNDECLARED_SELECTOR = YES;
				GCC_WARN_UNINITIALIZED_AUTOS = YES_AGGRESSIVE;
				GCC_WARN_UNUSED_FUNCTION = YES;
				GCC_WARN_UNUSED_VARIABLE = YES;
				IPHONEOS_DEPLOYMENT_TARGET = 14.0;
				MTL_ENABLE_DEBUG_INFO = NO;
				MTL_FAST_MATH = YES;
				SDKROOT = iphoneos;
				SWIFT_COMPILATION_MODE = wholemodule;
				SWIFT_OPTIMIZATION_LEVEL = "-O";
				VALIDATE_PRODUCT = YES;
			};
			name = Release;
		};
		A2AEAC98251EF19200D9B8A1 /* Debug */ = {
			isa = XCBuildConfiguration;
			buildSettings = {
				ASSETCATALOG_COMPILER_APPICON_NAME = AppIcon;
				ASSETCATALOG_COMPILER_GLOBAL_ACCENT_COLOR_NAME = AccentColor;
				CODE_SIGN_STYLE = Automatic;
				DEVELOPMENT_TEAM = 92YDTDBL5J;
				INFOPLIST_FILE = parking/Info.plist;
				LD_RUNPATH_SEARCH_PATHS = (
					"$(inherited)",
					"@executable_path/Frameworks",
				);
				PRODUCT_BUNDLE_IDENTIFIER = com.deibytb.parking;
				PRODUCT_NAME = "$(TARGET_NAME)";
				SWIFT_VERSION = 5.0;
				TARGETED_DEVICE_FAMILY = "1,2";
			};
			name = Debug;
		};
		A2AEAC99251EF19200D9B8A1 /* Release */ = {
			isa = XCBuildConfiguration;
			buildSettings = {
				ASSETCATALOG_COMPILER_APPICON_NAME = AppIcon;
				ASSETCATALOG_COMPILER_GLOBAL_ACCENT_COLOR_NAME = AccentColor;
				CODE_SIGN_STYLE = Automatic;
				DEVELOPMENT_TEAM = 92YDTDBL5J;
				INFOPLIST_FILE = parking/Info.plist;
				LD_RUNPATH_SEARCH_PATHS = (
					"$(inherited)",
					"@executable_path/Frameworks",
				);
				PRODUCT_BUNDLE_IDENTIFIER = com.deibytb.parking;
				PRODUCT_NAME = "$(TARGET_NAME)";
				SWIFT_VERSION = 5.0;
				TARGETED_DEVICE_FAMILY = "1,2";
			};
			name = Release;
		};
		A2AEAC9B251EF19200D9B8A1 /* Debug */ = {
			isa = XCBuildConfiguration;
			buildSettings = {
				ALWAYS_EMBED_SWIFT_STANDARD_LIBRARIES = YES;
				BUNDLE_LOADER = "$(TEST_HOST)";
				CODE_SIGN_STYLE = Automatic;
				DEVELOPMENT_TEAM = 92YDTDBL5J;
				INFOPLIST_FILE = parkingTests/Info.plist;
				IPHONEOS_DEPLOYMENT_TARGET = 14.0;
				LD_RUNPATH_SEARCH_PATHS = (
					"$(inherited)",
					"@executable_path/Frameworks",
					"@loader_path/Frameworks",
				);
				PRODUCT_BUNDLE_IDENTIFIER = com.deibytb.parkingTests;
				PRODUCT_NAME = "$(TARGET_NAME)";
				SWIFT_VERSION = 5.0;
				TARGETED_DEVICE_FAMILY = "1,2";
				TEST_HOST = "$(BUILT_PRODUCTS_DIR)/parking.app/parking";
			};
			name = Debug;
		};
		A2AEAC9C251EF19200D9B8A1 /* Release */ = {
			isa = XCBuildConfiguration;
			buildSettings = {
				ALWAYS_EMBED_SWIFT_STANDARD_LIBRARIES = YES;
				BUNDLE_LOADER = "$(TEST_HOST)";
				CODE_SIGN_STYLE = Automatic;
				DEVELOPMENT_TEAM = 92YDTDBL5J;
				INFOPLIST_FILE = parkingTests/Info.plist;
				IPHONEOS_DEPLOYMENT_TARGET = 14.0;
				LD_RUNPATH_SEARCH_PATHS = (
					"$(inherited)",
					"@executable_path/Frameworks",
					"@loader_path/Frameworks",
				);
				PRODUCT_BUNDLE_IDENTIFIER = com.deibytb.parkingTests;
				PRODUCT_NAME = "$(TARGET_NAME)";
				SWIFT_VERSION = 5.0;
				TARGETED_DEVICE_FAMILY = "1,2";
				TEST_HOST = "$(BUILT_PRODUCTS_DIR)/parking.app/parking";
			};
			name = Release;
		};
		A2AEAC9E251EF19200D9B8A1 /* Debug */ = {
			isa = XCBuildConfiguration;
			buildSettings = {
				ALWAYS_EMBED_SWIFT_STANDARD_LIBRARIES = YES;
				CODE_SIGN_STYLE = Automatic;
				DEVELOPMENT_TEAM = 92YDTDBL5J;
				INFOPLIST_FILE = parkingUITests/Info.plist;
				LD_RUNPATH_SEARCH_PATHS = (
					"$(inherited)",
					"@executable_path/Frameworks",
					"@loader_path/Frameworks",
				);
				PRODUCT_BUNDLE_IDENTIFIER = com.deibytb.parkingUITests;
				PRODUCT_NAME = "$(TARGET_NAME)";
				SWIFT_VERSION = 5.0;
				TARGETED_DEVICE_FAMILY = "1,2";
				TEST_TARGET_NAME = parking;
			};
			name = Debug;
		};
		A2AEAC9F251EF19200D9B8A1 /* Release */ = {
			isa = XCBuildConfiguration;
			buildSettings = {
				ALWAYS_EMBED_SWIFT_STANDARD_LIBRARIES = YES;
				CODE_SIGN_STYLE = Automatic;
				DEVELOPMENT_TEAM = 92YDTDBL5J;
				INFOPLIST_FILE = parkingUITests/Info.plist;
				LD_RUNPATH_SEARCH_PATHS = (
					"$(inherited)",
					"@executable_path/Frameworks",
					"@loader_path/Frameworks",
				);
				PRODUCT_BUNDLE_IDENTIFIER = com.deibytb.parkingUITests;
				PRODUCT_NAME = "$(TARGET_NAME)";
				SWIFT_VERSION = 5.0;
				TARGETED_DEVICE_FAMILY = "1,2";
				TEST_TARGET_NAME = parking;
			};
			name = Release;
		};
/* End XCBuildConfiguration section */

/* Begin XCConfigurationList section */
		A2AEAC65251EF19000D9B8A1 /* Build configuration list for PBXProject "parking" */ = {
			isa = XCConfigurationList;
			buildConfigurations = (
				A2AEAC95251EF19200D9B8A1 /* Debug */,
				A2AEAC96251EF19200D9B8A1 /* Release */,
			);
			defaultConfigurationIsVisible = 0;
			defaultConfigurationName = Release;
		};
		A2AEAC97251EF19200D9B8A1 /* Build configuration list for PBXNativeTarget "parking" */ = {
			isa = XCConfigurationList;
			buildConfigurations = (
				A2AEAC98251EF19200D9B8A1 /* Debug */,
				A2AEAC99251EF19200D9B8A1 /* Release */,
			);
			defaultConfigurationIsVisible = 0;
			defaultConfigurationName = Release;
		};
		A2AEAC9A251EF19200D9B8A1 /* Build configuration list for PBXNativeTarget "parkingTests" */ = {
			isa = XCConfigurationList;
			buildConfigurations = (
				A2AEAC9B251EF19200D9B8A1 /* Debug */,
				A2AEAC9C251EF19200D9B8A1 /* Release */,
			);
			defaultConfigurationIsVisible = 0;
			defaultConfigurationName = Release;
		};
		A2AEAC9D251EF19200D9B8A1 /* Build configuration list for PBXNativeTarget "parkingUITests" */ = {
			isa = XCConfigurationList;
			buildConfigurations = (
				A2AEAC9E251EF19200D9B8A1 /* Debug */,
				A2AEAC9F251EF19200D9B8A1 /* Release */,
			);
			defaultConfigurationIsVisible = 0;
			defaultConfigurationName = Release;
		};
/* End XCConfigurationList section */

/* Begin XCVersionGroup section */
		A2AEAC76251EF19000D9B8A1 /* parking.xcdatamodeld */ = {
			isa = XCVersionGroup;
			children = (
				A2AEAC77251EF19000D9B8A1 /* parking.xcdatamodel */,
			);
			currentVersion = A2AEAC77251EF19000D9B8A1 /* parking.xcdatamodel */;
			path = parking.xcdatamodeld;
			sourceTree = "<group>";
			versionGroupType = wrapper.xcdatamodel;
		};
/* End XCVersionGroup section */
	};
	rootObject = A2AEAC62251EF19000D9B8A1 /* Project object */;
}
